
Microsoft Visual Studio Solution File, Format Version 12.00
# Visual Studio 2013
VisualStudioVersion = 12.0.21005.1
MinimumVisualStudioVersion = 10.0.40219.1
Project("{FAE04EC0-301F-11D3-BF4B-00C04F79EFBC}") = "SimpleSocket", "SimpleSocket\SimpleSocket.csproj", "{167AE834-2D20-4296-903F-F8F10E54D1D0}"
EndProject
Project("{8BC9CEB8-8B4A-11D0-8D11-00A0C91BC942}") = "ConsoleApplication1", "ConsoleApplication1\ConsoleApplication1.vcxproj", "{FE593B3C-E2F1-4B73-9CAD-BEB273D26796}"
EndProject
Project("{8BC9CEB8-8B4A-11D0-8D11-00A0C91BC942}") = "Win32Project2", "Win32Project2\Win32Project2.vcxproj", "{94ABB614-2449-421C-B433-771FE7DA1A19}"
EndProject
Project("{FAE04EC0-301F-11D3-BF4B-00C04F79EFBC}") = "ConsoleApplication2", "ConsoleApplication2\ConsoleApplication2.csproj", "{00F093AC-E678-4468-A910-F2E53F64A1E3}"
EndProject
Global
	GlobalSection(SolutionConfigurationPlatforms) = preSolution
		Debug|Any CPU = Debug|Any CPU
		Debug|Mixed Platforms = Debug|Mixed Platforms
		Debug|Win32 = Debug|Win32
		Release|Any CPU = Release|Any CPU
		Release|Mixed Platforms = Release|Mixed Platforms
		Release|Win32 = Release|Win32
	EndGlobalSection
	GlobalSection(ProjectConfigurationPlatforms) = postSolution
		{167AE834-2D20-4296-903F-F8F10E54D1D0}.Debug|Any CPU.ActiveCfg = Debug|Any CPU
		{167AE834-2D20-4296-903F-F8F10E54D1D0}.Debug|Any CPU.Build.0 = Debug|Any CPU
		{167AE834-2D20-4296-903F-F8F10E54D1D0}.Debug|Mixed Platforms.ActiveCfg = Debug|Any CPU
		{167AE834-2D20-4296-903F-F8F10E54D1D0}.Debug|Mixed Platforms.Build.0 = Debug|Any CPU
		{167AE834-2D20-4296-903F-F8F10E54D1D0}.Debug|Win32.ActiveCfg = Debug|Any CPU
		{167AE834-2D20-4296-903F-F8F10E54D1D0}.Release|Any CPU.ActiveCfg = Release|Any CPU
		{167AE834-2D20-4296-903F-F8F10E54D1D0}.Release|Any CPU.Build.0 = Release|Any CPU
		{167AE834-2D20-4296-903F-F8F10E54D1D0}.Release|Mixed Platforms.ActiveCfg = Release|Any CPU
		{167AE834-2D20-4296-903F-F8F10E54D1D0}.Release|Mixed Platforms.Build.0 = Release|Any CPU
		{167AE834-2D20-4296-903F-F8F10E54D1D0}.Release|Win32.ActiveCfg = Release|Any CPU
		{FE593B3C-E2F1-4B73-9CAD-BEB273D26796}.Debug|Any CPU.ActiveCfg = Debug|Win32
		{FE593B3C-E2F1-4B73-9CAD-BEB273D26796}.Debug|Mixed Platforms.ActiveCfg = Debug|Win32
		{FE593B3C-E2F1-4B73-9CAD-BEB273D26796}.Debug|Mixed Platforms.Build.0 = Debug|Win32
		{FE593B3C-E2F1-4B73-9CAD-BEB273D26796}.Debug|Win32.ActiveCfg = Debug|Win32
		{FE593B3C-E2F1-4B73-9CAD-BEB273D26796}.Debug|Win32.Build.0 = Debug|Win32
		{FE593B3C-E2F1-4B73-9CAD-BEB273D26796}.Release|Any CPU.ActiveCfg = Release|Win32
		{FE593B3C-E2F1-4B73-9CAD-BEB273D26796}.Release|Mixed Platforms.ActiveCfg = Release|Win32
		{FE593B3C-E2F1-4B73-9CAD-BEB273D26796}.Release|Mixed Platforms.Build.0 = Release|Win32
		{FE593B3C-E2F1-4B73-9CAD-BEB273D26796}.Release|Win32.ActiveCfg = Release|Win32
		{FE593B3C-E2F1-4B73-9CAD-BEB273D26796}.Release|Win32.Build.0 = Release|Win32
		{94ABB614-2449-421C-B433-771FE7DA1A19}.Debug|Any CPU.ActiveCfg = Debug|Win32
		{94ABB614-2449-421C-B433-771FE7DA1A19}.Debug|Mixed Platforms.ActiveCfg = Debug|Win32
		{94ABB614-2449-421C-B433-771FE7DA1A19}.Debug|Mixed Platforms.Build.0 = Debug|Win32
		{94ABB614-2449-421C-B433-771FE7DA1A19}.Debug|Win32.ActiveCfg = Debug|Win32
		{94ABB614-2449-421C-B433-771FE7DA1A19}.Debug|Win32.Build.0 = Debug|Win32
		{94ABB614-2449-421C-B433-771FE7DA1A19}.Release|Any CPU.ActiveCfg = Release|Win32
		{94ABB614-2449-421C-B433-771FE7DA1A19}.Release|Mixed Platforms.ActiveCfg = Release|Win32
		{94ABB614-2449-421C-B433-771FE7DA1A19}.Release|Mixed Platforms.Build.0 = Release|Win32
		{94ABB614-2449-421C-B433-771FE7DA1A19}.Release|Win32.ActiveCfg = Release|Win32
		{94ABB614-2449-421C-B433-771FE7DA1A19}.Release|Win32.Build.0 = Release|Win32
		{00F093AC-E678-4468-A910-F2E53F64A1E3}.Debug|Any CPU.ActiveCfg = Debug|Any CPU
		{00F093AC-E678-4468-A910-F2E53F64A1E3}.Debug|Any CPU.Build.0 = Debug|Any CPU
		{00F093AC-E678-4468-A910-F2E53F64A1E3}.Debug|Mixed Platforms.ActiveCfg = Debug|Any CPU
		{00F093AC-E678-4468-A910-F2E53F64A1E3}.Debug|Mixed Platforms.Build.0 = Debug|Any CPU
		{00F093AC-E678-4468-A910-F2E53F64A1E3}.Debug|Win32.ActiveCfg = Debug|Any CPU
		{00F093AC-E678-4468-A910-F2E53F64A1E3}.Release|Any CPU.ActiveCfg = Release|Any CPU
		{00F093AC-E678-4468-A910-F2E53F64A1E3}.Release|Any CPU.Build.0 = Release|Any CPU
		{00F093AC-E678-4468-A910-F2E53F64A1E3}.Release|Mixed Platforms.ActiveCfg = Release|Any CPU
		{00F093AC-E678-4468-A910-F2E53F64A1E3}.Release|Mixed Platforms.Build.0 = Release|Any CPU
		{00F093AC-E678-4468-A910-F2E53F64A1E3}.Release|Win32.ActiveCfg = Release|Any CPU
	EndGlobalSection
	GlobalSection(SolutionProperties) = preSolution
		HideSolutionNode = FALSE
	EndGlobalSection
EndGlobal
